Microsoft Visual Studio Solution File, Format Version 12.00
# Visual Studio Version 17
VisualStudioVersion = 17.5.2.0
MinimumVisualStudioVersion = 10.0.40219.1
Project("{FAE04EC0-301F-11D3-BF4B-00C04F79EFBC}") = "CalculadoraCapas", "CalculadoraCapas\CalculadoraCapas.csproj", "{19A40703-4BF3-AFE1-AA68-C82324142E54}"
EndProject
Global
	GlobalSection(SolutionConfigurationPlatforms) = preSolution
		Debug|Any CPU = Debug|Any CPU
		Release|Any CPU = Release|Any CPU
	EndGlobalSection
	GlobalSection(ProjectConfigurationPlatforms) = postSolution
		{19A40703-4BF3-AFE1-AA68-C82324142E54}.Debug|Any CPU.ActiveCfg = Debug|Any CPU
		{19A40703-4BF3-AFE1-AA68-C82324142E54}.Debug|Any CPU.Build.0 = Debug|Any CPU
		{19A40703-4BF3-AFE1-AA68-C82324142E54}.Release|Any CPU.ActiveCfg = Release|Any CPU
		{19A40703-4BF3-AFE1-AA68-C82324142E54}.Release|Any CPU.Build.0 = Release|Any CPU
	EndGlobalSection
	GlobalSection(SolutionProperties) = preSolution
		HideSolutionNode = FALSE
	EndGlobalSection
	GlobalSection(ExtensibilityGlobals) = postSolution
		SolutionGuid = {440ED254-8073-4E81-B004-241B6D5A3E04}
	EndGlobalSection
EndGlobal
